{
  "lockfileVersion": 2,
  "configVersion": 1,
  "workspaces": {
    "": {
      "name": "@anomalyco/fiend",
      "dependencies": {
        "three": "0.186.0",
        "three-gpu-pathtracer": "0.0.23",
        "three-mesh-bvh": "0.7.4",
        "zod": "^4.3.6",
      },
      "devDependencies": {
        "@types/bun": "latest",
        "@types/three": "latest",
        "fake-indexeddb": "^6.2.5",
        "typescript": "^5.9.3",
      },
    },
  },
  "packages": {
    "@dimforge/rapier3d-compat": ["@dimforge/rapier3d-compat@0.12.0", "", {}, "sha512-uekIGetywIgopfD97oDL5PfeezkFpNhwlzlaEYNOA0N6ghdsOvh/HYjSMek5Q2O1PYvRSDFcqFVJl4r4ZBwOow=="],

    "@tweenjs/tween.js": ["@tweenjs/tween.js@23.1.3", "", {}, "sha512-vJmvvwFxYuGnF2axRtPYocag6Clbb5YS7kLL+SO/TeVFzHqDIWrNKYtcsPMibjDx9O+bu+psAy9NKfWklassUA=="],

    "@types/bun": ["@types/bun@1.4.2", "", { "dependencies": { "bun-types": "1.4.2" } }, "sha512-GimotNn7+ZV0uVArItBbriZsR1oNf0+WTzPkdcFrzShI7k2norL0uzEaJT8T33dWr7O/c9ZDuAFQrctKCi72oQ=="],

    "@types/node": ["@types/node@26.5.0", "", { "dependencies": { "undici-types": "~8.9.0" } }, "sha512-dVSGpriSoCgz8WnDNTuSSuSv1PC/ALXihO4ulRZt7Md8k9mlbdin3lGOcDE8SnWOgf513ByWlXd7BK4azmyg/A=="],

    "@types/stats.js": ["@types/stats.js@0.17.4", "", {}, "sha512-jIBvWWShCvlBqBNIZt0KAshWpvSjhkwkEu4ZUcASoAvhmrgAUI2t1dXrjSL4xXVLB4FznPrIsX3nKXFl/Dt4vA=="],

    "@types/three": ["@types/three@0.185.4", "", { "dependencies": { "@dimforge/rapier3d-compat": "~0.12.0", "@tweenjs/tween.js": "~23.1.3", "@types/stats.js": "*", "@types/webxr": ">=0.5.17", "fflate": "~0.8.2", "meshoptimizer": "~1.1.1" } }, "sha512-gAsBIC07NIFrxjbf7tH2t71c38uulFfk/RFoC7FNBSjMRAQ8J1x/RBvusX0N5PJouaYFJawXQqfCQ0RKUx/1nA=="],

    "@types/webxr": ["@types/webxr@0.5.24", "", {}, "sha512-h8fgEd/DpoS9CBrjEQXR+dIDraopAEfu4wYVNY2tEPwk60stPWhvZMf4Foo5FakuQ7HFZoa8WceaWFervK2Ovg=="],

    "bun-types": ["bun-types@1.4.2", "", { "dependencies": { "@types/node": "*" } }, "sha512-bxV1FgK7yBIzjRe5zBozIM4Bem11ZJcCXSrjWRG3YWLt8yFDePu4cLjpebO8OvPeIE9trbyPF4fuj3Cia4Fj3w=="],

    "fake-indexeddb": ["fake-indexeddb@6.2.5", "", {}, "sha512-CGnyrvbhPlWYMngksqrSSUT1BAVP49dZocrHuK0SvtR0D5TMs5wP0o3j7jexDJW01KSadjBp1M/71o/KR3nD1w=="],

    "fflate": ["fflate@0.8.3", "", {}, "sha512-tbZNuJrLwGUp3zshBtdy4W+ORxZuIh8a5ilyIEQDC5rY1f3U20JMry0Ll3WBzU58EZKsEuJFXhb5gwv8CsPvgA=="],

    "meshoptimizer": ["meshoptimizer@1.1.1", "", {}, "sha512-oRFNWJRDA/WTrVj7NWvqa5HqE1t9MYDj2VaWirQCzCCrAd2GHrqR/sQezCxiWATPNlKTcRaPRHPJwIRoPBAp5g=="],

    "three": ["three@0.186.0", "", {}, "sha512-cr/fIM2ddMSVbYVgkfD4jLJv7Fh/8ZTjvo+7gQeSVGUZHxpx9FDwoL5iC7hUz/LiRA8wMbqfnb90xKfm1/HHkQ=="],

    "three-gpu-pathtracer": ["three-gpu-pathtracer@0.0.23", "", { "peerDependencies": { "three": ">=0.151.0", "three-mesh-bvh": ">=0.7.4", "xatlas-web": "^0.1.0" } }, "sha512-CjMX5YU3ajDklOv3hW1EQ4CCkPLiLR+jB31w6G5WLf6Nasemib62tmCj45vBK5ItKAD0aHG1NWc479gXzk6fOQ=="],

    "three-mesh-bvh": ["three-mesh-bvh@0.7.4", "", { "peerDependencies": { "three": ">= 0.151.0" } }, "sha512-flxe0A4uflTPR6elgq/Y8VrLoljDNS899i422SxQcU3EtMj6o8z4kZRyqZqGWzR0qMf1InTZzY1/0xZl/rnvVw=="],

    "typescript": ["typescript@5.9.3", "", { "bin": { "tsc": "bin/tsc", "tsserver": "bin/tsserver" } }, "sha512-jl1vZzPDinLr9eUt3J/t7V6FgNEw9QjvBPdysz9KfQDD41fQrC2Y4vKQdiaUpFT4bXlb1RHhLpp8wtm6M5TgSw=="],

    "undici-types": ["undici-types@8.9.0", "", {}, "sha512-KTDyRTYX8sWmKXAikPHHSyc63CRPETMctyjKFupcC6OBLXT3xsN0e9aF7m+mIXutFWpUXuedtowG7iLOzp0kQg=="],

    "xatlas-web": ["xatlas-web@0.1.0", "", {}, "sha512-PprVfuXbaIskxLTLBUQRaWfgSy9xUQqAMIRooOw0P6NYqwgh6T0voeer6+Z5M7AFt5SGXUybuww/uDGs1yw8vQ=="],

    "zod": ["zod@4.5.4", "", {}, "sha512-sC95tT5iHHH9gtpj6A81kh+NEaRAUFN+qlUPDUbRfOMvNf5QCBqsb3WgvnpVtK5Y+4UfA6KqufotuTvMGiTlsA=="],
  }
}
